
Microsoft Visual Studio Solution File, Format Version 12.00
# Visual Studio Version 16
VisualStudioVersion = 25.0.1706.14
MinimumVisualStudioVersion = 10.0.40219.1
Project("{F2A71F9B-5D33-465A-A702-920D77279786}") = "Homework1", "Homework1.fsproj", "{99B0278D-FF06-4CEC-9491-239110283405}"
EndProject
Global
	GlobalSection(SolutionConfigurationPlatforms) = preSolution
		Debug|Any CPU = Debug|Any CPU
		Release|Any CPU = Release|Any CPU
	EndGlobalSection
	GlobalSection(ProjectConfigurationPlatforms) = postSolution
		{99B0278D-FF06-4CEC-9491-239110283405}.Debug|Any CPU.ActiveCfg = Debug|Any CPU
		{99B0278D-FF06-4CEC-9491-239110283405}.Debug|Any CPU.Build.0 = Debug|Any CPU
		{99B0278D-FF06-4CEC-9491-239110283405}.Release|Any CPU.ActiveCfg = Release|Any CPU
		{99B0278D-FF06-4CEC-9491-239110283405}.Release|Any CPU.Build.0 = Release|Any CPU
	EndGlobalSection
	GlobalSection(SolutionProperties) = preSolution
		HideSolutionNode = FALSE
	EndGlobalSection
	GlobalSection(ExtensibilityGlobals) = postSolution
		SolutionGuid = {594AD2CA-68F6-42F7-BC5B-39DE33E206F2}
	EndGlobalSection
EndGlobal
